
Microsoft Visual Studio Solution File, Format Version 12.00
# Visual Studio Version 17
VisualStudioVersion = 17.9.34622.214
MinimumVisualStudioVersion = 10.0.40219.1
Project("{9A19103F-16F7-4668-BE54-9A1E7A4F7556}") = "Project_ALDB", "Project_ALDB\Project_ALDB.csproj", "{6359A3D5-7B2B-4B85-8058-701976A91F26}"
EndProject
Global
	GlobalSection(SolutionConfigurationPlatforms) = preSolution
		Debug|Any CPU = Debug|Any CPU
		Release|Any CPU = Release|Any CPU
	EndGlobalSection
	GlobalSection(ProjectConfigurationPlatforms) = postSolution
		{6359A3D5-7B2B-4B85-8058-701976A91F26}.Debug|Any CPU.ActiveCfg = Debug|Any CPU
		{6359A3D5-7B2B-4B85-8058-701976A91F26}.Debug|Any CPU.Build.0 = Debug|Any CPU
		{6359A3D5-7B2B-4B85-8058-701976A91F26}.Release|Any CPU.ActiveCfg = Release|Any CPU
		{6359A3D5-7B2B-4B85-8058-701976A91F26}.Release|Any CPU.Build.0 = Release|Any CPU
	EndGlobalSection
	GlobalSection(SolutionProperties) = preSolution
		HideSolutionNode = FALSE
	EndGlobalSection
	GlobalSection(ExtensibilityGlobals) = postSolution
		SolutionGuid = {5EE87837-DEAF-4F2B-A5E1-C49F121BEEE7}
	EndGlobalSection
EndGlobal
